
Microsoft Visual Studio Solution File, Format Version 12.00
# Visual Studio Version 17
VisualStudioVersion = 17.9.34723.18
MinimumVisualStudioVersion = 10.0.40219.1
Project("{FAE04EC0-301F-11D3-BF4B-00C04F79EFBC}") = "C#(more)_task-4", "C#(more)_task-4.csproj", "{DBB8550B-12AA-45CA-9210-C7163FCCCF3E}"
EndProject
Global
	GlobalSection(SolutionConfigurationPlatforms) = preSolution
		Debug|Any CPU = Debug|Any CPU
		Release|Any CPU = Release|Any CPU
	EndGlobalSection
	GlobalSection(ProjectConfigurationPlatforms) = postSolution
		{DBB8550B-12AA-45CA-9210-C7163FCCCF3E}.Debug|Any CPU.ActiveCfg = Debug|Any CPU
		{DBB8550B-12AA-45CA-9210-C7163FCCCF3E}.Debug|Any CPU.Build.0 = Debug|Any CPU
		{DBB8550B-12AA-45CA-9210-C7163FCCCF3E}.Release|Any CPU.ActiveCfg = Release|Any CPU
		{DBB8550B-12AA-45CA-9210-C7163FCCCF3E}.Release|Any CPU.Build.0 = Release|Any CPU
	EndGlobalSection
	GlobalSection(SolutionProperties) = preSolution
		HideSolutionNode = FALSE
	EndGlobalSection
	GlobalSection(ExtensibilityGlobals) = postSolution
		SolutionGuid = {BB38CABE-FC31-4A0F-B500-4D876EED3B27}
	EndGlobalSection
EndGlobal
